
Microsoft Visual Studio Solution File, Format Version 12.00
# Visual Studio Version 16
VisualStudioVersion = 16.0.31624.102
MinimumVisualStudioVersion = 10.0.40219.1
Project("{FAE04EC0-301F-11D3-BF4B-00C04F79EFBC}") = "Xadrez-Console", "Xadrez-Console\Xadrez-Console.csproj", "{C55E26F0-6CDA-4359-9C75-361912767461}"
EndProject
Global
	GlobalSection(SolutionConfigurationPlatforms) = preSolution
		Debug|Any CPU = Debug|Any CPU
		Release|Any CPU = Release|Any CPU
	EndGlobalSection
	GlobalSection(ProjectConfigurationPlatforms) = postSolution
		{C55E26F0-6CDA-4359-9C75-361912767461}.Debug|Any CPU.ActiveCfg = Debug|Any CPU
		{C55E26F0-6CDA-4359-9C75-361912767461}.Debug|Any CPU.Build.0 = Debug|Any CPU
		{C55E26F0-6CDA-4359-9C75-361912767461}.Release|Any CPU.ActiveCfg = Release|Any CPU
		{C55E26F0-6CDA-4359-9C75-361912767461}.Release|Any CPU.Build.0 = Release|Any CPU
	EndGlobalSection
	GlobalSection(SolutionProperties) = preSolution
		HideSolutionNode = FALSE
	EndGlobalSection
	GlobalSection(ExtensibilityGlobals) = postSolution
		SolutionGuid = {84B1F95F-2542-49B6-82E2-847C5DDC3B0C}
	EndGlobalSection
EndGlobal
